
Microsoft Visual Studio Solution File, Format Version 12.00
# Visual Studio 15
VisualStudioVersion = 15.0.28307.421
MinimumVisualStudioVersion = 10.0.40219.1
Project("{8BC9CEB8-8B4A-11D0-8D11-00A0C91BC942}") = "common", "common\common.vcxproj", "{DBB770E4-1658-4324-ACF4-C0170B31F22F}"
EndProject
Project("{8BC9CEB8-8B4A-11D0-8D11-00A0C91BC942}") = "service", "service\service.vcxproj", "{69B05D8B-E44B-4407-9864-1F3F740FE8AD}"
EndProject
Project("{8BC9CEB8-8B4A-11D0-8D11-00A0C91BC942}") = "client", "client\client.vcxproj", "{70A3AAE4-D7B2-4D07-9D90-D52510EA2C4C}"
EndProject
Global
	GlobalSection(SolutionConfigurationPlatforms) = preSolution
		Debug|x64 = Debug|x64
		Debug|x86 = Debug|x86
		Release|x64 = Release|x64
		Release|x86 = Release|x86
	EndGlobalSection
	GlobalSection(ProjectConfigurationPlatforms) = postSolution
		{DBB770E4-1658-4324-ACF4-C0170B31F22F}.Debug|x64.ActiveCfg = Debug|x64
		{DBB770E4-1658-4324-ACF4-C0170B31F22F}.Debug|x64.Build.0 = Debug|x64
		{DBB770E4-1658-4324-ACF4-C0170B31F22F}.Debug|x86.ActiveCfg = Debug|Win32
		{DBB770E4-1658-4324-ACF4-C0170B31F22F}.Debug|x86.Build.0 = Debug|Win32
		{DBB770E4-1658-4324-ACF4-C0170B31F22F}.Release|x64.ActiveCfg = Release|x64
		{DBB770E4-1658-4324-ACF4-C0170B31F22F}.Release|x64.Build.0 = Release|x64
		{DBB770E4-1658-4324-ACF4-C0170B31F22F}.Release|x86.ActiveCfg = Release|Win32
		{DBB770E4-1658-4324-ACF4-C0170B31F22F}.Release|x86.Build.0 = Release|Win32
		{69B05D8B-E44B-4407-9864-1F3F740FE8AD}.Debug|x64.ActiveCfg = Debug|x64
		{69B05D8B-E44B-4407-9864-1F3F740FE8AD}.Debug|x64.Build.0 = Debug|x64
		{69B05D8B-E44B-4407-9864-1F3F740FE8AD}.Debug|x86.ActiveCfg = Debug|Win32
		{69B05D8B-E44B-4407-9864-1F3F740FE8AD}.Debug|x86.Build.0 = Debug|Win32
		{69B05D8B-E44B-4407-9864-1F3F740FE8AD}.Release|x64.ActiveCfg = Release|x64
		{69B05D8B-E44B-4407-9864-1F3F740FE8AD}.Release|x64.Build.0 = Release|x64
		{69B05D8B-E44B-4407-9864-1F3F740FE8AD}.Release|x86.ActiveCfg = Release|Win32
		{69B05D8B-E44B-4407-9864-1F3F740FE8AD}.Release|x86.Build.0 = Release|Win32
		{70A3AAE4-D7B2-4D07-9D90-D52510EA2C4C}.Debug|x64.ActiveCfg = Debug|x64
		{70A3AAE4-D7B2-4D07-9D90-D52510EA2C4C}.Debug|x64.Build.0 = Debug|x64
		{70A3AAE4-D7B2-4D07-9D90-D52510EA2C4C}.Debug|x86.ActiveCfg = Debug|Win32
		{70A3AAE4-D7B2-4D07-9D90-D52510EA2C4C}.Debug|x86.Build.0 = Debug|Win32
		{70A3AAE4-D7B2-4D07-9D90-D52510EA2C4C}.Release|x64.ActiveCfg = Release|x64
		{70A3AAE4-D7B2-4D07-9D90-D52510EA2C4C}.Release|x64.Build.0 = Release|x64
		{70A3AAE4-D7B2-4D07-9D90-D52510EA2C4C}.Release|x86.ActiveCfg = Release|Win32
		{70A3AAE4-D7B2-4D07-9D90-D52510EA2C4C}.Release|x86.Build.0 = Release|Win32
	EndGlobalSection
	GlobalSection(SolutionProperties) = preSolution
		HideSolutionNode = FALSE
	EndGlobalSection
	GlobalSection(ExtensibilityGlobals) = postSolution
		SolutionGuid = {AAA2F44D-DD5D-4BFD-A713-A9D6B58D6A85}
	EndGlobalSection
EndGlobal
